
Microsoft Visual Studio Solution File, Format Version 12.00
# Visual Studio Version 17
VisualStudioVersion = 17.11.35327.3
MinimumVisualStudioVersion = 10.0.40219.1
Project("{9A19103F-16F7-4668-BE54-9A1E7A4F7556}") = "Stage0", "Stage0\Stage0.csproj", "{3E2F71D8-8D17-4A45-A9E9-DB6D0910A83B}"
EndProject
Project("{2150E333-8FDC-42A3-9474-1A3956D46DE8}") = "Solution Items", "Solution Items", "{B6CC8AE7-ED68-4CA8-BF71-1075A7E12AAA}"
	ProjectSection(SolutionItems) = preProject
		README.md = README.md
	EndProjectSection
EndProject
Global
	GlobalSection(SolutionConfigurationPlatforms) = preSolution
		Debug|Any CPU = Debug|Any CPU
		Release|Any CPU = Release|Any CPU
	EndGlobalSection
	GlobalSection(ProjectConfigurationPlatforms) = postSolution
		{3E2F71D8-8D17-4A45-A9E9-DB6D0910A83B}.Debug|Any CPU.ActiveCfg = Debug|Any CPU
		{3E2F71D8-8D17-4A45-A9E9-DB6D0910A83B}.Debug|Any CPU.Build.0 = Debug|Any CPU
		{3E2F71D8-8D17-4A45-A9E9-DB6D0910A83B}.Release|Any CPU.ActiveCfg = Release|Any CPU
		{3E2F71D8-8D17-4A45-A9E9-DB6D0910A83B}.Release|Any CPU.Build.0 = Release|Any CPU
	EndGlobalSection
	GlobalSection(SolutionProperties) = preSolution
		HideSolutionNode = FALSE
	EndGlobalSection
	GlobalSection(ExtensibilityGlobals) = postSolution
		SolutionGuid = {262C9879-18BE-4DF5-B182-F8C7F2EB097D}
	EndGlobalSection
EndGlobal
